
Microsoft Visual Studio Solution File, Format Version 12.00
# Visual Studio Version 16
VisualStudioVersion = 16.0.31624.102
MinimumVisualStudioVersion = 10.0.40219.1
Project("{FAE04EC0-301F-11D3-BF4B-00C04F79EFBC}") = "Ass2_7", "Ass2_7.csproj", "{B5B1BB8E-278A-4150-81AB-E742FF5BEA41}"
EndProject
Global
	GlobalSection(SolutionConfigurationPlatforms) = preSolution
		Debug|Any CPU = Debug|Any CPU
		Release|Any CPU = Release|Any CPU
	EndGlobalSection
	GlobalSection(ProjectConfigurationPlatforms) = postSolution
		{B5B1BB8E-278A-4150-81AB-E742FF5BEA41}.Debug|Any CPU.ActiveCfg = Debug|Any CPU
		{B5B1BB8E-278A-4150-81AB-E742FF5BEA41}.Debug|Any CPU.Build.0 = Debug|Any CPU
		{B5B1BB8E-278A-4150-81AB-E742FF5BEA41}.Release|Any CPU.ActiveCfg = Release|Any CPU
		{B5B1BB8E-278A-4150-81AB-E742FF5BEA41}.Release|Any CPU.Build.0 = Release|Any CPU
	EndGlobalSection
	GlobalSection(SolutionProperties) = preSolution
		HideSolutionNode = FALSE
	EndGlobalSection
	GlobalSection(ExtensibilityGlobals) = postSolution
		SolutionGuid = {AFD32CA4-1711-47B1-9EFB-440E2114F4EC}
	EndGlobalSection
EndGlobal
