
Microsoft Visual Studio Solution File, Format Version 12.00
# Visual Studio Version 16
VisualStudioVersion = 16.0.31624.102
MinimumVisualStudioVersion = 10.0.40219.1
Project("{FAE04EC0-301F-11D3-BF4B-00C04F79EFBC}") = "Ass2_9", "Ass2_9.csproj", "{592562CE-A1C3-4190-B7AA-E7D51C21B80F}"
EndProject
Global
	GlobalSection(SolutionConfigurationPlatforms) = preSolution
		Debug|Any CPU = Debug|Any CPU
		Release|Any CPU = Release|Any CPU
	EndGlobalSection
	GlobalSection(ProjectConfigurationPlatforms) = postSolution
		{592562CE-A1C3-4190-B7AA-E7D51C21B80F}.Debug|Any CPU.ActiveCfg = Debug|Any CPU
		{592562CE-A1C3-4190-B7AA-E7D51C21B80F}.Debug|Any CPU.Build.0 = Debug|Any CPU
		{592562CE-A1C3-4190-B7AA-E7D51C21B80F}.Release|Any CPU.ActiveCfg = Release|Any CPU
		{592562CE-A1C3-4190-B7AA-E7D51C21B80F}.Release|Any CPU.Build.0 = Release|Any CPU
	EndGlobalSection
	GlobalSection(SolutionProperties) = preSolution
		HideSolutionNode = FALSE
	EndGlobalSection
	GlobalSection(ExtensibilityGlobals) = postSolution
		SolutionGuid = {62303B69-296D-4500-AA56-86DCF2116E97}
	EndGlobalSection
EndGlobal
