
Microsoft Visual Studio Solution File, Format Version 12.00
# Visual Studio Version 16
VisualStudioVersion = 16.0.31624.102
MinimumVisualStudioVersion = 10.0.40219.1
Project("{FAE04EC0-301F-11D3-BF4B-00C04F79EFBC}") = "Ass2_19", "Ass2_19.csproj", "{848C4DCD-1B3F-4BB2-919E-C84F10FF33CC}"
EndProject
Global
	GlobalSection(SolutionConfigurationPlatforms) = preSolution
		Debug|Any CPU = Debug|Any CPU
		Release|Any CPU = Release|Any CPU
	EndGlobalSection
	GlobalSection(ProjectConfigurationPlatforms) = postSolution
		{848C4DCD-1B3F-4BB2-919E-C84F10FF33CC}.Debug|Any CPU.ActiveCfg = Debug|Any CPU
		{848C4DCD-1B3F-4BB2-919E-C84F10FF33CC}.Debug|Any CPU.Build.0 = Debug|Any CPU
		{848C4DCD-1B3F-4BB2-919E-C84F10FF33CC}.Release|Any CPU.ActiveCfg = Release|Any CPU
		{848C4DCD-1B3F-4BB2-919E-C84F10FF33CC}.Release|Any CPU.Build.0 = Release|Any CPU
	EndGlobalSection
	GlobalSection(SolutionProperties) = preSolution
		HideSolutionNode = FALSE
	EndGlobalSection
	GlobalSection(ExtensibilityGlobals) = postSolution
		SolutionGuid = {8611F8E6-C375-465B-B571-DBA6CBEEC9B0}
	EndGlobalSection
EndGlobal
