
Microsoft Visual Studio Solution File, Format Version 12.00
# Visual Studio Version 16
VisualStudioVersion = 16.0.31624.102
MinimumVisualStudioVersion = 10.0.40219.1
Project("{FAE04EC0-301F-11D3-BF4B-00C04F79EFBC}") = "Ass2_14", "Ass2_14.csproj", "{00BDEF64-34C6-413B-ABDC-1D35E0F04F4E}"
EndProject
Global
	GlobalSection(SolutionConfigurationPlatforms) = preSolution
		Debug|Any CPU = Debug|Any CPU
		Release|Any CPU = Release|Any CPU
	EndGlobalSection
	GlobalSection(ProjectConfigurationPlatforms) = postSolution
		{00BDEF64-34C6-413B-ABDC-1D35E0F04F4E}.Debug|Any CPU.ActiveCfg = Debug|Any CPU
		{00BDEF64-34C6-413B-ABDC-1D35E0F04F4E}.Debug|Any CPU.Build.0 = Debug|Any CPU
		{00BDEF64-34C6-413B-ABDC-1D35E0F04F4E}.Release|Any CPU.ActiveCfg = Release|Any CPU
		{00BDEF64-34C6-413B-ABDC-1D35E0F04F4E}.Release|Any CPU.Build.0 = Release|Any CPU
	EndGlobalSection
	GlobalSection(SolutionProperties) = preSolution
		HideSolutionNode = FALSE
	EndGlobalSection
	GlobalSection(ExtensibilityGlobals) = postSolution
		SolutionGuid = {0359E445-9500-4741-8C2C-DA4281EBF796}
	EndGlobalSection
EndGlobal
