
Microsoft Visual Studio Solution File, Format Version 12.00
# Visual Studio Version 16
VisualStudioVersion = 16.0.31624.102
MinimumVisualStudioVersion = 10.0.40219.1
Project("{FAE04EC0-301F-11D3-BF4B-00C04F79EFBC}") = "Ass2_18", "Ass2_18.csproj", "{26DB9E16-BC45-4D3A-8375-89EA85435B8E}"
EndProject
Global
	GlobalSection(SolutionConfigurationPlatforms) = preSolution
		Debug|Any CPU = Debug|Any CPU
		Release|Any CPU = Release|Any CPU
	EndGlobalSection
	GlobalSection(ProjectConfigurationPlatforms) = postSolution
		{26DB9E16-BC45-4D3A-8375-89EA85435B8E}.Debug|Any CPU.ActiveCfg = Debug|Any CPU
		{26DB9E16-BC45-4D3A-8375-89EA85435B8E}.Debug|Any CPU.Build.0 = Debug|Any CPU
		{26DB9E16-BC45-4D3A-8375-89EA85435B8E}.Release|Any CPU.ActiveCfg = Release|Any CPU
		{26DB9E16-BC45-4D3A-8375-89EA85435B8E}.Release|Any CPU.Build.0 = Release|Any CPU
	EndGlobalSection
	GlobalSection(SolutionProperties) = preSolution
		HideSolutionNode = FALSE
	EndGlobalSection
	GlobalSection(ExtensibilityGlobals) = postSolution
		SolutionGuid = {CB1FBC5F-0F7E-43CB-A44A-4AAF1E9F04D9}
	EndGlobalSection
EndGlobal
